
Microsoft Visual Studio Solution File, Format Version 12.00
# Visual Studio Version 17
VisualStudioVersion = 17.0.31903.59
MinimumVisualStudioVersion = 10.0.40219.1
Project("{FAE04EC0-301F-11D3-BF4B-00C04F79EFBC}") = "SFA.DAS.Admin.Roatp.Web", "SFA.DAS.Admin.Roatp.Web\SFA.DAS.Admin.Roatp.Web.csproj", "{4AA11A76-AB91-4C5C-986E-5B9EAD30F4F4}"
EndProject
Project("{2150E333-8FDC-42A3-9474-1A3956D46DE8}") = "Tests", "Tests", "{02EA681E-C7D8-13C7-8484-4AC65E1B71E8}"
EndProject
Project("{FAE04EC0-301F-11D3-BF4B-00C04F79EFBC}") = "SFA.DAS.Admin.Roatp.Web.UnitTests", "SFA.DAS.Admin.Roatp.Web.UnitTests\SFA.DAS.Admin.Roatp.Web.UnitTests.csproj", "{E93E0EE8-694B-4D50-8011-D838E4F24F0D}"
EndProject
Project("{FAE04EC0-301F-11D3-BF4B-00C04F79EFBC}") = "SFA.DAS.Admin.Roatp", "SFA.DAS.Admin.Roatp\SFA.DAS.Admin.Roatp.csproj", "{F8420A3C-2124-4D38-9846-F49BBC5B2CDE}"
EndProject
Project("{FAE04EC0-301F-11D3-BF4B-00C04F79EFBC}") = "SFA.DAS.Admin.Roatp.UnitTests", "SFA.DAS.Admin.Roatp.UnitTests\SFA.DAS.Admin.Roatp.UnitTests.csproj", "{5ADA1D47-5BD6-494F-BBE8-4D1BDCB7A440}"
EndProject
Global
	GlobalSection(SolutionConfigurationPlatforms) = preSolution
		Debug|Any CPU = Debug|Any CPU
		Release|Any CPU = Release|Any CPU
	EndGlobalSection
	GlobalSection(ProjectConfigurationPlatforms) = postSolution
		{4AA11A76-AB91-4C5C-986E-5B9EAD30F4F4}.Debug|Any CPU.ActiveCfg = Debug|Any CPU
		{4AA11A76-AB91-4C5C-986E-5B9EAD30F4F4}.Debug|Any CPU.Build.0 = Debug|Any CPU
		{4AA11A76-AB91-4C5C-986E-5B9EAD30F4F4}.Release|Any CPU.ActiveCfg = Release|Any CPU
		{4AA11A76-AB91-4C5C-986E-5B9EAD30F4F4}.Release|Any CPU.Build.0 = Release|Any CPU
		{E93E0EE8-694B-4D50-8011-D838E4F24F0D}.Debug|Any CPU.ActiveCfg = Debug|Any CPU
		{E93E0EE8-694B-4D50-8011-D838E4F24F0D}.Debug|Any CPU.Build.0 = Debug|Any CPU
		{E93E0EE8-694B-4D50-8011-D838E4F24F0D}.Release|Any CPU.ActiveCfg = Release|Any CPU
		{E93E0EE8-694B-4D50-8011-D838E4F24F0D}.Release|Any CPU.Build.0 = Release|Any CPU
		{F8420A3C-2124-4D38-9846-F49BBC5B2CDE}.Debug|Any CPU.ActiveCfg = Debug|Any CPU
		{F8420A3C-2124-4D38-9846-F49BBC5B2CDE}.Debug|Any CPU.Build.0 = Debug|Any CPU
		{F8420A3C-2124-4D38-9846-F49BBC5B2CDE}.Release|Any CPU.ActiveCfg = Release|Any CPU
		{F8420A3C-2124-4D38-9846-F49BBC5B2CDE}.Release|Any CPU.Build.0 = Release|Any CPU
		{5ADA1D47-5BD6-494F-BBE8-4D1BDCB7A440}.Debug|Any CPU.ActiveCfg = Debug|Any CPU
		{5ADA1D47-5BD6-494F-BBE8-4D1BDCB7A440}.Debug|Any CPU.Build.0 = Debug|Any CPU
		{5ADA1D47-5BD6-494F-BBE8-4D1BDCB7A440}.Release|Any CPU.ActiveCfg = Release|Any CPU
		{5ADA1D47-5BD6-494F-BBE8-4D1BDCB7A440}.Release|Any CPU.Build.0 = Release|Any CPU
	EndGlobalSection
	GlobalSection(SolutionProperties) = preSolution
		HideSolutionNode = FALSE
	EndGlobalSection
	GlobalSection(NestedProjects) = preSolution
		{E93E0EE8-694B-4D50-8011-D838E4F24F0D} = {02EA681E-C7D8-13C7-8484-4AC65E1B71E8}
		{5ADA1D47-5BD6-494F-BBE8-4D1BDCB7A440} = {02EA681E-C7D8-13C7-8484-4AC65E1B71E8}
	EndGlobalSection
	GlobalSection(ExtensibilityGlobals) = postSolution
		SolutionGuid = {C250B2B4-567F-45E9-B485-7053007FE0B7}
	EndGlobalSection
EndGlobal
